// !$*UTF8*$!
{
	archiveVersion = 1;
	classes = {
	};
	objectVersion = 56;
	objects = {

/* Begin PBXBuildFile section */
		2B80EA5F2A8900F600E99666 /* CustomCollectionViewCell.swift in Sources */ = {isa = PBXBuildFile; fileRef = 2B80EA5E2A8900F600E99666 /* CustomCollectionViewCell.swift */; };
		2BAF4EF82A88F9B8007F6E3C /* AppDelegate.swift in Sources */ = {isa = PBXBuildFile; fileRef = 2BAF4EF72A88F9B8007F6E3C /* AppDelegate.swift */; };
		2BAF4EFA2A88F9B8007F6E3C /* SceneDelegate.swift in Sources */ = {isa = PBXBuildFile; fileRef = 2BAF4EF92A88F9B8007F6E3C /* SceneDelegate.swift */; };
		2BAF4EFC2A88F9B8007F6E3C /* ViewController.swift in Sources */ = {isa = PBXBuildFile; fileRef = 2BAF4EFB2A88F9B8007F6E3C /* ViewController.swift */; };
		2BAF4EFF2A88F9B8007F6E3C /* Main.storyboard in Resources */ = {isa = PBXBuildFile; fileRef = 2BAF4EFD2A88F9B8007F6E3C /* Main.storyboard */; };
		2BAF4F012A88F9B9007F6E3C /* Assets.xcassets in Resources */ = {isa = PBXBuildFile; fileRef = 2BAF4F002A88F9B9007F6E3C /* Assets.xcassets */; };
		2BAF4F042A88F9B9007F6E3C /* LaunchScreen.storyboard in Resources */ = {isa = PBXBuildFile; fileRef = 2BAF4F022A88F9B9007F6E3C /* LaunchScreen.storyboard */; };
		2BAF4F282A88FB03007F6E3C /* CustomTableViewCell.swift in Sources */ = {isa = PBXBuildFile; fileRef = 2BAF4F272A88FB03007F6E3C /* CustomTableViewCell.swift */; };
		2BAF4F2A2A88FB4D007F6E3C /* Data.swift in Sources */ = {isa = PBXBuildFile; fileRef = 2BAF4F292A88FB4D007F6E3C /* Data.swift */; };
		2BAF4F2C2A88FC22007F6E3C /* DetailVC.swift in Sources */ = {isa = PBXBuildFile; fileRef = 2BAF4F2B2A88FC22007F6E3C /* DetailVC.swift */; };
		77AF2EFF2A8E76270067DD06 /* Util.swift in Sources */ = {isa = PBXBuildFile; fileRef = 77AF2EFE2A8E76260067DD06 /* Util.swift */; };
/* End PBXBuildFile section */

/* Begin PBXContainerItemProxy section */
		2BAF4F0B2A88F9B9007F6E3C /* PBXContainerItemProxy */ = {
			isa = PBXContainerItemProxy;
			containerPortal = 2BAF4EEC2A88F9B8007F6E3C /* Project object */;
			proxyType = 1;
			remoteGlobalIDString = 2BAF4EF32A88F9B8007F6E3C;
			remoteInfo = Template;
		};
		2BAF4F152A88F9B9007F6E3C /* PBXContainerItemProxy */ = {
			isa = PBXContainerItemProxy;
			containerPortal = 2BAF4EEC2A88F9B8007F6E3C /* Project object */;
			proxyType = 1;
			remoteGlobalIDString = 2BAF4EF32A88F9B8007F6E3C;
			remoteInfo = Template;
		};
/* End PBXContainerItemProxy section */

/* Begin PBXFileReference section */
		2B80EA5E2A8900F600E99666 /* CustomCollectionViewCell.swift */ = {isa = PBXFileReference; lastKnownFileType = sourcecode.swift; path = CustomCollectionViewCell.swift; sourceTree = "<group>"; };
		2BAF4EF42A88F9B8007F6E3C /* Template.app */ = {isa = PBXFileReference; explicitFileType = wrapper.application; includeInIndex = 0; path = Template.app; sourceTree = BUILT_PRODUCTS_DIR; };
		2BAF4EF72A88F9B8007F6E3C /* AppDelegate.swift */ = {isa = PBXFileReference; lastKnownFileType = sourcecode.swift; path = AppDelegate.swift; sourceTree = "<group>"; };
		2BAF4EF92A88F9B8007F6E3C /* SceneDelegate.swift */ = {isa = PBXFileReference; lastKnownFileType = sourcecode.swift; path = SceneDelegate.swift; sourceTree = "<group>"; };
		2BAF4EFB2A88F9B8007F6E3C /* ViewController.swift */ = {isa = PBXFileReference; lastKnownFileType = sourcecode.swift; path = ViewController.swift; sourceTree = "<group>"; };
		2BAF4EFE2A88F9B8007F6E3C /* Base */ = {isa = PBXFileReference; lastKnownFileType = file.storyboard; name = Base; path = Base.lproj/Main.storyboard; sourceTree = "<group>"; };
		2BAF4F002A88F9B9007F6E3C /* Assets.xcassets */ = {isa = PBXFileReference; lastKnownFileType = folder.assetcatalog; path = Assets.xcassets; sourceTree = "<group>"; };
		2BAF4F032A88F9B9007F6E3C /* Base */ = {isa = PBXFileReference; lastKnownFileType = file.storyboard; name = Base; path = Base.lproj/LaunchScreen.storyboard; sourceTree = "<group>"; };
		2BAF4F052A88F9B9007F6E3C /* Info.plist */ = {isa = PBXFileReference; lastKnownFileType = text.plist.xml; path = Info.plist; sourceTree = "<group>"; };
		2BAF4F0A2A88F9B9007F6E3C /* TemplateTests.xctest */ = {isa = PBXFileReference; explicitFileType = wrapper.cfbundle; includeInIndex = 0; path = TemplateTests.xctest; sourceTree = BUILT_PRODUCTS_DIR; };
		2BAF4F142A88F9B9007F6E3C /* TemplateUITests.xctest */ = {isa = PBXFileReference; explicitFileType = wrapper.cfbundle; includeInIndex = 0; path = TemplateUITests.xctest; sourceTree = BUILT_PRODUCTS_DIR; };
		2BAF4F272A88FB03007F6E3C /* CustomTableViewCell.swift */ = {isa = PBXFileReference; lastKnownFileType = sourcecode.swift; path = CustomTableViewCell.swift; sourceTree = "<group>"; };
		2BAF4F292A88FB4D007F6E3C /* Data.swift */ = {isa = PBXFileReference; lastKnownFileType = sourcecode.swift; path = Data.swift; sourceTree = "<group>"; };
		2BAF4F2B2A88FC22007F6E3C /* DetailVC.swift */ = {isa = PBXFileReference; lastKnownFileType = sourcecode.swift; path = DetailVC.swift; sourceTree = "<group>"; };
		77AF2EFE2A8E76260067DD06 /* Util.swift */ = {isa = PBXFileReference; fileEncoding = 4; lastKnownFileType = sourcecode.swift; path = Util.swift; sourceTree = "<group>"; };
/* End PBXFileReference section */

/* Begin PBXFrameworksBuildPhase section */
		2BAF4EF12A88F9B8007F6E3C /* Frameworks */ = {
			isa = PBXFrameworksBuildPhase;
			buildActionMask = 2147483647;
			files = (
			);
			runOnlyForDeploymentPostprocessing = 0;
		};
		2BAF4F072A88F9B9007F6E3C /* Frameworks */ = {
			isa = PBXFrameworksBuildPhase;
			buildActionMask = 2147483647;
			files = (
			);
			runOnlyForDeploymentPostprocessing = 0;
		};
		2BAF4F112A88F9B9007F6E3C /* Frameworks */ = {
			isa = PBXFrameworksBuildPhase;
			buildActionMask = 2147483647;
			files = (
			);
			runOnlyForDeploymentPostprocessing = 0;
		};
/* End PBXFrameworksBuildPhase section */

/* Begin PBXGroup section */
		2BAF4EEB2A88F9B8007F6E3C = {
			isa = PBXGroup;
			children = (
				2BAF4EF62A88F9B8007F6E3C /* Template */,
				2BAF4EF52A88F9B8007F6E3C /* Products */,
			);
			sourceTree = "<group>";
		};
		2BAF4EF52A88F9B8007F6E3C /* Products */ = {
			isa = PBXGroup;
			children = (
				2BAF4EF42A88F9B8007F6E3C /* Template.app */,
				2BAF4F0A2A88F9B9007F6E3C /* TemplateTests.xctest */,
				2BAF4F142A88F9B9007F6E3C /* TemplateUITests.xctest */,
			);
			name = Products;
			sourceTree = "<group>";
		};
		2BAF4EF62A88F9B8007F6E3C /* Template */ = {
			isa = PBXGroup;
			children = (
				2BAF4EF72A88F9B8007F6E3C /* AppDelegate.swift */,
				2BAF4EF92A88F9B8007F6E3C /* SceneDelegate.swift */,
				2BAF4EFB2A88F9B8007F6E3C /* ViewController.swift */,
				2BAF4F2B2A88FC22007F6E3C /* DetailVC.swift */,
				2BAF4F292A88FB4D007F6E3C /* Data.swift */,
				2BAF4EFD2A88F9B8007F6E3C /* Main.storyboard */,
				2BAF4F002A88F9B9007F6E3C /* Assets.xcassets */,
				2BAF4F022A88F9B9007F6E3C /* LaunchScreen.storyboard */,
				2BAF4F052A88F9B9007F6E3C /* Info.plist */,
				2BAF4F272A88FB03007F6E3C /* CustomTableViewCell.swift */,
				2B80EA5E2A8900F600E99666 /* CustomCollectionViewCell.swift */,
				77AF2EFE2A8E76260067DD06 /* Util.swift */,
			);
			path = Template;
			sourceTree = "<group>";
		};
/* End PBXGroup section */

/* Begin PBXNativeTarget section */
		2BAF4EF32A88F9B8007F6E3C /* Template */ = {
			isa = PBXNativeTarget;
			buildConfigurationList = 2BAF4F1E2A88F9B9007F6E3C /* Build configuration list for PBXNativeTarget "Template" */;
			buildPhases = (
				2BAF4EF02A88F9B8007F6E3C /* Sources */,
				2BAF4EF12A88F9B8007F6E3C /* Frameworks */,
				2BAF4EF22A88F9B8007F6E3C /* Resources */,
			);
			buildRules = (
			);
			dependencies = (
			);
			name = Template;
			productName = Template;
			productReference = 2BAF4EF42A88F9B8007F6E3C /* Template.app */;
			productType = "com.apple.product-type.application";
		};
		2BAF4F092A88F9B9007F6E3C /* TemplateTests */ = {
			isa = PBXNativeTarget;
			buildConfigurationList = 2BAF4F212A88F9B9007F6E3C /* Build configuration list for PBXNativeTarget "TemplateTests" */;
			buildPhases = (
				2BAF4F062A88F9B9007F6E3C /* Sources */,
				2BAF4F072A88F9B9007F6E3C /* Frameworks */,
				2BAF4F082A88F9B9007F6E3C /* Resources */,
			);
			buildRules = (
			);
			dependencies = (
				2BAF4F0C2A88F9B9007F6E3C /* PBXTargetDependency */,
			);
			name = TemplateTests;
			productName = TemplateTests;
			productReference = 2BAF4F0A2A88F9B9007F6E3C /* TemplateTests.xctest */;
			productType = "com.apple.product-type.bundle.unit-test";
		};
		2BAF4F132A88F9B9007F6E3C /* TemplateUITests */ = {
			isa = PBXNativeTarget;
			buildConfigurationList = 2BAF4F242A88F9B9007F6E3C /* Build configuration list for PBXNativeTarget "TemplateUITests" */;
			buildPhases = (
				2BAF4F102A88F9B9007F6E3C /* Sources */,
				2BAF4F112A88F9B9007F6E3C /* Frameworks */,
				2BAF4F122A88F9B9007F6E3C /* Resources */,
			);
			buildRules = (
			);
			dependencies = (
				2BAF4F162A88F9B9007F6E3C /* PBXTargetDependency */,
			);
			name = TemplateUITests;
			productName = TemplateUITests;
			productReference = 2BAF4F142A88F9B9007F6E3C /* TemplateUITests.xctest */;
			productType = "com.apple.product-type.bundle.ui-testing";
		};
/* End PBXNativeTarget section */

/* Begin PBXProject section */
		2BAF4EEC2A88F9B8007F6E3C /* Project object */ = {
			isa = PBXProject;
			attributes = {
				BuildIndependentTargetsInParallel = 1;
				LastSwiftUpdateCheck = 1400;
				LastUpgradeCheck = 1400;
				TargetAttributes = {
					2BAF4EF32A88F9B8007F6E3C = {
						CreatedOnToolsVersion = 14.0;
					};
					2BAF4F092A88F9B9007F6E3C = {
						CreatedOnToolsVersion = 14.0;
						TestTargetID = 2BAF4EF32A88F9B8007F6E3C;
					};
					2BAF4F132A88F9B9007F6E3C = {
						CreatedOnToolsVersion = 14.0;
						TestTargetID = 2BAF4EF32A88F9B8007F6E3C;
					};
				};
			};
			buildConfigurationList = 2BAF4EEF2A88F9B8007F6E3C /* Build configuration list for PBXProject "Template" */;
			compatibilityVersion = "Xcode 14.0";
			developmentRegion = en;
			hasScannedForEncodings = 0;
			knownRegions = (
				en,
				Base,
			);
			mainGroup = 2BAF4EEB2A88F9B8007F6E3C;
			productRefGroup = 2BAF4EF52A88F9B8007F6E3C /* Products */;
			projectDirPath = "";
			projectRoot = "";
			targets = (
				2BAF4EF32A88F9B8007F6E3C /* Template */,
				2BAF4F092A88F9B9007F6E3C /* TemplateTests */,
				2BAF4F132A88F9B9007F6E3C /* TemplateUITests */,
			);
		};
/* End PBXProject section */

/* Begin PBXResourcesBuildPhase section */
		2BAF4EF22A88F9B8007F6E3C /* Resources */ = {
			isa = PBXResourcesBuildPhase;
			buildActionMask = 2147483647;
			files = (
				2BAF4F042A88F9B9007F6E3C /* LaunchScreen.storyboard in Resources */,
				2BAF4F012A88F9B9007F6E3C /* Assets.xcassets in Resources */,
				2BAF4EFF2A88F9B8007F6E3C /* Main.storyboard in Resources */,
			);
			runOnlyForDeploymentPostprocessing = 0;
		};
		2BAF4F082A88F9B9007F6E3C /* Resources */ = {
			isa = PBXResourcesBuildPhase;
			buildActionMask = 2147483647;
			files = (
			);
			runOnlyForDeploymentPostprocessing = 0;
		};
		2BAF4F122A88F9B9007F6E3C /* Resources */ = {
			isa = PBXResourcesBuildPhase;
			buildActionMask = 2147483647;
			files = (
			);
			runOnlyForDeploymentPostprocessing = 0;
		};
/* End PBXResourcesBuildPhase section */

/* Begin PBXSourcesBuildPhase section */
		2BAF4EF02A88F9B8007F6E3C /* Sources */ = {
			isa = PBXSourcesBuildPhase;
			buildActionMask = 2147483647;
			files = (
				2BAF4F282A88FB03007F6E3C /* CustomTableViewCell.swift in Sources */,
				2B80EA5F2A8900F600E99666 /* CustomCollectionViewCell.swift in Sources */,
				2BAF4F2A2A88FB4D007F6E3C /* Data.swift in Sources */,
				77AF2EFF2A8E76270067DD06 /* Util.swift in Sources */,
				2BAF4EFC2A88F9B8007F6E3C /* ViewController.swift in Sources */,
				2BAF4EF82A88F9B8007F6E3C /* AppDelegate.swift in Sources */,
				2BAF4EFA2A88F9B8007F6E3C /* SceneDelegate.swift in Sources */,
				2BAF4F2C2A88FC22007F6E3C /* DetailVC.swift in Sources */,
			);
			runOnlyForDeploymentPostprocessing = 0;
		};
		2BAF4F062A88F9B9007F6E3C /* Sources */ = {
			isa = PBXSourcesBuildPhase;
			buildActionMask = 2147483647;
			files = (
			);
			runOnlyForDeploymentPostprocessing = 0;
		};
		2BAF4F102A88F9B9007F6E3C /* Sources */ = {
			isa = PBXSourcesBuildPhase;
			buildActionMask = 2147483647;
			files = (
			);
			runOnlyForDeploymentPostprocessing = 0;
		};
/* End PBXSourcesBuildPhase section */

/* Begin PBXTargetDependency section */
		2BAF4F0C2A88F9B9007F6E3C /* PBXTargetDependency */ = {
			isa = PBXTargetDependency;
			target = 2BAF4EF32A88F9B8007F6E3C /* Template */;
			targetProxy = 2BAF4F0B2A88F9B9007F6E3C /* PBXContainerItemProxy */;
		};
		2BAF4F162A88F9B9007F6E3C /* PBXTargetDependency */ = {
			isa = PBXTargetDependency;
			target = 2BAF4EF32A88F9B8007F6E3C /* Template */;
			targetProxy = 2BAF4F152A88F9B9007F6E3C /* PBXContainerItemProxy */;
		};
/* End PBXTargetDependency section */

/* Begin PBXVariantGroup section */
		2BAF4EFD2A88F9B8007F6E3C /* Main.storyboard */ = {
			isa = PBXVariantGroup;
			children = (
				2BAF4EFE2A88F9B8007F6E3C /* Base */,
			);
			name = Main.storyboard;
			sourceTree = "<group>";
		};
		2BAF4F022A88F9B9007F6E3C /* LaunchScreen.storyboard */ = {
			isa = PBXVariantGroup;
			children = (
				2BAF4F032A88F9B9007F6E3C /* Base */,
			);
			name = LaunchScreen.storyboard;
			sourceTree = "<group>";
		};
/* End PBXVariantGroup section */

/* Begin XCBuildConfiguration section */
		2BAF4F1C2A88F9B9007F6E3C /* Debug */ = {
			isa = XCBuildConfiguration;
			buildSettings = {
				ALWAYS_SEARCH_USER_PATHS = NO;
				CLANG_ANALYZER_NONNULL = YES;
				CLANG_ANALYZER_NUMBER_OBJECT_CONVERSION = YES_AGGRESSIVE;
				CLANG_CXX_LANGUAGE_STANDARD = "gnu++20";
				CLANG_ENABLE_MODULES = YES;
				CLANG_ENABLE_OBJC_ARC = YES;
				CLANG_ENABLE_OBJC_WEAK = YES;
				CLANG_WARN_BLOCK_CAPTURE_AUTORELEASING = YES;
				CLANG_WARN_BOOL_CONVERSION = YES;
				CLANG_WARN_COMMA = YES;
				CLANG_WARN_CONSTANT_CONVERSION = YES;
				CLANG_WARN_DEPRECATED_OBJC_IMPLEMENTATIONS = YES;
				CLANG_WARN_DIRECT_OBJC_ISA_USAGE = YES_ERROR;
				CLANG_WARN_DOCUMENTATION_COMMENTS = YES;
				CLANG_WARN_EMPTY_BODY = YES;
				CLANG_WARN_ENUM_CONVERSION = YES;
				CLANG_WARN_INFINITE_RECURSION = YES;
				CLANG_WARN_INT_CONVERSION = YES;
				CLANG_WARN_NON_LITERAL_NULL_CONVERSION = YES;
				CLANG_WARN_OBJC_IMPLICIT_RETAIN_SELF = YES;
				CLANG_WARN_OBJC_LITERAL_CONVERSION = YES;
				CLANG_WARN_OBJC_ROOT_CLASS = YES_ERROR;
				CLANG_WARN_QUOTED_INCLUDE_IN_FRAMEWORK_HEADER = YES;
				CLANG_WARN_RANGE_LOOP_ANALYSIS = YES;
				CLANG_WARN_STRICT_PROTOTYPES = YES;
				CLANG_WARN_SUSPICIOUS_MOVE = YES;
				CLANG_WARN_UNGUARDED_AVAILABILITY = YES_AGGRESSIVE;
				CLANG_WARN_UNREACHABLE_CODE = YES;
				CLANG_WARN__DUPLICATE_METHOD_MATCH = YES;
				COPY_PHASE_STRIP = NO;
				DEBUG_INFORMATION_FORMAT = dwarf;
				ENABLE_STRICT_OBJC_MSGSEND = YES;
				ENABLE_TESTABILITY = YES;
				GCC_C_LANGUAGE_STANDARD = gnu11;
				GCC_DYNAMIC_NO_PIC = NO;
				GCC_NO_COMMON_BLOCKS = YES;
				GCC_OPTIMIZATION_LEVEL = 0;
				GCC_PREPROCESSOR_DEFINITIONS = (
					"DEBUG=1",
					"$(inherited)",
				);
				GCC_WARN_64_TO_32_BIT_CONVERSION = YES;
				GCC_WARN_ABOUT_RETURN_TYPE = YES_ERROR;
				GCC_WARN_UNDECLARED_SELECTOR = YES;
				GCC_WARN_UNINITIALIZED_AUTOS = YES_AGGRESSIVE;
				GCC_WARN_UNUSED_FUNCTION = YES;
				GCC_WARN_UNUSED_VARIABLE = YES;
				IPHONEOS_DEPLOYMENT_TARGET = 16.0;
				MTL_ENABLE_DEBUG_INFO = INCLUDE_SOURCE;
				MTL_FAST_MATH = YES;
				ONLY_ACTIVE_ARCH = YES;
				SDKROOT = iphoneos;
				SWIFT_ACTIVE_COMPILATION_CONDITIONS = DEBUG;
				SWIFT_OPTIMIZATION_LEVEL = "-Onone";
			};
			name = Debug;
		};
		2BAF4F1D2A88F9B9007F6E3C /* Release */ = {
			isa = XCBuildConfiguration;
			buildSettings = {
				ALWAYS_SEARCH_USER_PATHS = NO;
				CLANG_ANALYZER_NONNULL = YES;
				CLANG_ANALYZER_NUMBER_OBJECT_CONVERSION = YES_AGGRESSIVE;
				CLANG_CXX_LANGUAGE_STANDARD = "gnu++20";
				CLANG_ENABLE_MODULES = YES;
				CLANG_ENABLE_OBJC_ARC = YES;
				CLANG_ENABLE_OBJC_WEAK = YES;
				CLANG_WARN_BLOCK_CAPTURE_AUTORELEASING = YES;
				CLANG_WARN_BOOL_CONVERSION = YES;
				CLANG_WARN_COMMA = YES;
				CLANG_WARN_CONSTANT_CONVERSION = YES;
				CLANG_WARN_DEPRECATED_OBJC_IMPLEMENTATIONS = YES;
				CLANG_WARN_DIRECT_OBJC_ISA_USAGE = YES_ERROR;
				CLANG_WARN_DOCUMENTATION_COMMENTS = YES;
				CLANG_WARN_EMPTY_BODY = YES;
				CLANG_WARN_ENUM_CONVERSION = YES;
				CLANG_WARN_INFINITE_RECURSION = YES;
				CLANG_WARN_INT_CONVERSION = YES;
				CLANG_WARN_NON_LITERAL_NULL_CONVERSION = YES;
				CLANG_WARN_OBJC_IMPLICIT_RETAIN_SELF = YES;
				CLANG_WARN_OBJC_LITERAL_CONVERSION = YES;
				CLANG_WARN_OBJC_ROOT_CLASS = YES_ERROR;
				CLANG_WARN_QUOTED_INCLUDE_IN_FRAMEWORK_HEADER = YES;
				CLANG_WARN_RANGE_LOOP_ANALYSIS = YES;
				CLANG_WARN_STRICT_PROTOTYPES = YES;
				CLANG_WARN_SUSPICIOUS_MOVE = YES;
				CLANG_WARN_UNGUARDED_AVAILABILITY = YES_AGGRESSIVE;
				CLANG_WARN_UNREACHABLE_CODE = YES;
				CLANG_WARN__DUPLICATE_METHOD_MATCH = YES;
				COPY_PHASE_STRIP = NO;
				DEBUG_INFORMATION_FORMAT = "dwarf-with-dsym";
				ENABLE_NS_ASSERTIONS = NO;
				ENABLE_STRICT_OBJC_MSGSEND = YES;
				GCC_C_LANGUAGE_STANDARD = gnu11;
				GCC_NO_COMMON_BLOCKS = YES;
				GCC_WARN_64_TO_32_BIT_CONVERSION = YES;
				GCC_WARN_ABOUT_RETURN_TYPE = YES_ERROR;
				GCC_WARN_UNDECLARED_SELECTOR = YES;
				GCC_WARN_UNINITIALIZED_AUTOS = YES_AGGRESSIVE;
				GCC_WARN_UNUSED_FUNCTION = YES;
				GCC_WARN_UNUSED_VARIABLE = YES;
				IPHONEOS_DEPLOYMENT_TARGET = 16.0;
				MTL_ENABLE_DEBUG_INFO = NO;
				MTL_FAST_MATH = YES;
				SDKROOT = iphoneos;
				SWIFT_COMPILATION_MODE = wholemodule;
				SWIFT_OPTIMIZATION_LEVEL = "-O";
				VALIDATE_PRODUCT = YES;
			};
			name = Release;
		};
		2BAF4F1F2A88F9B9007F6E3C /* Debug */ = {
			isa = XCBuildConfiguration;
			buildSettings = {
				ASSETCATALOG_COMPILER_APPICON_NAME = AppIcon;
				ASSETCATALOG_COMPILER_GLOBAL_ACCENT_COLOR_NAME = AccentColor;
				CODE_SIGN_STYLE = Automatic;
				CURRENT_PROJECT_VERSION = 1;
				DEVELOPMENT_TEAM = 4SHJ665Z7D;
				GENERATE_INFOPLIST_FILE = YES;
				INFOPLIST_FILE = Template/Info.plist;
				INFOPLIST_KEY_UIApplicationSupportsIndirectInputEvents = YES;
				INFOPLIST_KEY_UILaunchStoryboardName = LaunchScreen;
				INFOPLIST_KEY_UIMainStoryboardFile = Main;
				INFOPLIST_KEY_UISupportedInterfaceOrientations_iPad = "UIInterfaceOrientationPortrait UIInterfaceOrientationPortraitUpsideDown UIInterfaceOrientationLandscapeLeft UIInterfaceOrientationLandscapeRight";
				INFOPLIST_KEY_UISupportedInterfaceOrientations_iPhone = "UIInterfaceOrientationPortrait UIInterfaceOrientationLandscapeLeft UIInterfaceOrientationLandscapeRight";
				LD_RUNPATH_SEARCH_PATHS = (
					"$(inherited)",
					"@executable_path/Frameworks",
				);
				MARKETING_VERSION = 1.0;
				PRODUCT_BUNDLE_IDENTIFIER = com.Template;
				PRODUCT_NAME = "$(TARGET_NAME)";
				SWIFT_EMIT_LOC_STRINGS = YES;
				SWIFT_VERSION = 5.0;
				TARGETED_DEVICE_FAMILY = "1,2";
			};
			name = Debug;
		};
		2BAF4F202A88F9B9007F6E3C /* Release */ = {
			isa = XCBuildConfiguration;
			buildSettings = {
				ASSETCATALOG_COMPILER_APPICON_NAME = AppIcon;
				ASSETCATALOG_COMPILER_GLOBAL_ACCENT_COLOR_NAME = AccentColor;
				CODE_SIGN_STYLE = Automatic;
				CURRENT_PROJECT_VERSION = 1;
				DEVELOPMENT_TEAM = 4SHJ665Z7D;
				GENERATE_INFOPLIST_FILE = YES;
				INFOPLIST_FILE = Template/Info.plist;
				INFOPLIST_KEY_UIApplicationSupportsIndirectInputEvents = YES;
				INFOPLIST_KEY_UILaunchStoryboardName = LaunchScreen;
				INFOPLIST_KEY_UIMainStoryboardFile = Main;
				INFOPLIST_KEY_UISupportedInterfaceOrientations_iPad = "UIInterfaceOrientationPortrait UIInterfaceOrientationPortraitUpsideDown UIInterfaceOrientationLandscapeLeft UIInterfaceOrientationLandscapeRight";
				INFOPLIST_KEY_UISupportedInterfaceOrientations_iPhone = "UIInterfaceOrientationPortrait UIInterfaceOrientationLandscapeLeft UIInterfaceOrientationLandscapeRight";
				LD_RUNPATH_SEARCH_PATHS = (
					"$(inherited)",
					"@executable_path/Frameworks",
				);
				MARKETING_VERSION = 1.0;
				PRODUCT_BUNDLE_IDENTIFIER = com.Template;
				PRODUCT_NAME = "$(TARGET_NAME)";
				SWIFT_EMIT_LOC_STRINGS = YES;
				SWIFT_VERSION = 5.0;
				TARGETED_DEVICE_FAMILY = "1,2";
			};
			name = Release;
		};
		2BAF4F222A88F9B9007F6E3C /* Debug */ = {
			isa = XCBuildConfiguration;
			buildSettings = {
				ALWAYS_EMBED_SWIFT_STANDARD_LIBRARIES = YES;
				BUNDLE_LOADER = "$(TEST_HOST)";
				CODE_SIGN_STYLE = Automatic;
				CURRENT_PROJECT_VERSION = 1;
				DEVELOPMENT_TEAM = 4SHJ665Z7D;
				GENERATE_INFOPLIST_FILE = YES;
				IPHONEOS_DEPLOYMENT_TARGET = 16.0;
				MARKETING_VERSION = 1.0;
				PRODUCT_BUNDLE_IDENTIFIER = com.TemplateTests;
				PRODUCT_NAME = "$(TARGET_NAME)";
				SWIFT_EMIT_LOC_STRINGS = NO;
				SWIFT_VERSION = 5.0;
				TARGETED_DEVICE_FAMILY = "1,2";
				TEST_HOST = "$(BUILT_PRODUCTS_DIR)/Template.app/$(BUNDLE_EXECUTABLE_FOLDER_PATH)/Template";
			};
			name = Debug;
		};
		2BAF4F232A88F9B9007F6E3C /* Release */ = {
			isa = XCBuildConfiguration;
			buildSettings = {
				ALWAYS_EMBED_SWIFT_STANDARD_LIBRARIES = YES;
				BUNDLE_LOADER = "$(TEST_HOST)";
				CODE_SIGN_STYLE = Automatic;
				CURRENT_PROJECT_VERSION = 1;
				DEVELOPMENT_TEAM = 4SHJ665Z7D;
				GENERATE_INFOPLIST_FILE = YES;
				IPHONEOS_DEPLOYMENT_TARGET = 16.0;
				MARKETING_VERSION = 1.0;
				PRODUCT_BUNDLE_IDENTIFIER = com.TemplateTests;
				PRODUCT_NAME = "$(TARGET_NAME)";
				SWIFT_EMIT_LOC_STRINGS = NO;
				SWIFT_VERSION = 5.0;
				TARGETED_DEVICE_FAMILY = "1,2";
				TEST_HOST = "$(BUILT_PRODUCTS_DIR)/Template.app/$(BUNDLE_EXECUTABLE_FOLDER_PATH)/Template";
			};
			name = Release;
		};
		2BAF4F252A88F9B9007F6E3C /* Debug */ = {
			isa = XCBuildConfiguration;
			buildSettings = {
				ALWAYS_EMBED_SWIFT_STANDARD_LIBRARIES = YES;
				CODE_SIGN_STYLE = Automatic;
				CURRENT_PROJECT_VERSION = 1;
				DEVELOPMENT_TEAM = 4SHJ665Z7D;
				GENERATE_INFOPLIST_FILE = YES;
				MARKETING_VERSION = 1.0;
				PRODUCT_BUNDLE_IDENTIFIER = com.TemplateUITests;
				PRODUCT_NAME = "$(TARGET_NAME)";
				SWIFT_EMIT_LOC_STRINGS = NO;
				SWIFT_VERSION = 5.0;
				TARGETED_DEVICE_FAMILY = "1,2";
				TEST_TARGET_NAME = Template;
			};
			name = Debug;
		};
		2BAF4F262A88F9B9007F6E3C /* Release */ = {
			isa = XCBuildConfiguration;
			buildSettings = {
				ALWAYS_EMBED_SWIFT_STANDARD_LIBRARIES = YES;
				CODE_SIGN_STYLE = Automatic;
				CURRENT_PROJECT_VERSION = 1;
				DEVELOPMENT_TEAM = 4SHJ665Z7D;
				GENERATE_INFOPLIST_FILE = YES;
				MARKETING_VERSION = 1.0;
				PRODUCT_BUNDLE_IDENTIFIER = com.TemplateUITests;
				PRODUCT_NAME = "$(TARGET_NAME)";
				SWIFT_EMIT_LOC_STRINGS = NO;
				SWIFT_VERSION = 5.0;
				TARGETED_DEVICE_FAMILY = "1,2";
				TEST_TARGET_NAME = Template;
			};
			name = Release;
		};
/* End XCBuildConfiguration section */

/* Begin XCConfigurationList section */
		2BAF4EEF2A88F9B8007F6E3C /* Build configuration list for PBXProject "Template" */ = {
			isa = XCConfigurationList;
			buildConfigurations = (
				2BAF4F1C2A88F9B9007F6E3C /* Debug */,
				2BAF4F1D2A88F9B9007F6E3C /* Release */,
			);
			defaultConfigurationIsVisible = 0;
			defaultConfigurationName = Release;
		};
		2BAF4F1E2A88F9B9007F6E3C /* Build configuration list for PBXNativeTarget "Template" */ = {
			isa = XCConfigurationList;
			buildConfigurations = (
				2BAF4F1F2A88F9B9007F6E3C /* Debug */,
				2BAF4F202A88F9B9007F6E3C /* Release */,
			);
			defaultConfigurationIsVisible = 0;
			defaultConfigurationName = Release;
		};
		2BAF4F212A88F9B9007F6E3C /* Build configuration list for PBXNativeTarget "TemplateTests" */ = {
			isa = XCConfigurationList;
			buildConfigurations = (
				2BAF4F222A88F9B9007F6E3C /* Debug */,
				2BAF4F232A88F9B9007F6E3C /* Release */,
			);
			defaultConfigurationIsVisible = 0;
			defaultConfigurationName = Release;
		};
		2BAF4F242A88F9B9007F6E3C /* Build configuration list for PBXNativeTarget "TemplateUITests" */ = {
			isa = XCConfigurationList;
			buildConfigurations = (
				2BAF4F252A88F9B9007F6E3C /* Debug */,
				2BAF4F262A88F9B9007F6E3C /* Release */,
			);
			defaultConfigurationIsVisible = 0;
			defaultConfigurationName = Release;
		};
/* End XCConfigurationList section */
	};
	rootObject = 2BAF4EEC2A88F9B8007F6E3C /* Project object */;
}
